PODS:
  - Kingfisher (4.9.0)
  - Toast-Swift (3.0.1)
  - ZebraKing (2.0.6):
    - Kingfisher (~> 4.9.0)

DEPENDENCIES:
  - Kingfisher (~> 4.9.0)
  - Toast-Swift (~> 3.0.1)
  - ZebraKing (from `../`)

SPEC REPOS:
  https://github.com/cocoapods/specs.git:
    - Kingfisher
    - Toast-Swift

EXTERNAL SOURCES:
  ZebraKing:
    :path: "../"

SPEC CHECKSUMS:
  Kingfisher: 64539b51826b778206daa6ed815d12653caa69dd
  Toast-Swift: ba0b01b095aada709d915f9beb1d38184a2721c3
  ZebraKing: e664007db2117d3389177f4d136184a5c42c909a

PODFILE CHECKSUM: 944e3c39cbcba14215cb96e3f1255b29a6a57076

COCOAPODS: 1.6.0.beta.1
