PODS:
  - Kingfisher (4.10.1)
  - Toast-Swift (4.0.0)
  - ZebraKing (3.0.8):
    - Kingfisher

DEPENDENCIES:
  - Toast-Swift
  - ZebraKing (from `../`)

SPEC REPOS:
  https://github.com/cocoapods/specs.git:
    - Kingfisher
    - Toast-Swift

EXTERNAL SOURCES:
  ZebraKing:
    :path: "../"

SPEC CHECKSUMS:
  Kingfisher: c148cd7b47ebde9989f6bc7c27dcaa79d81279a0
  Toast-Swift: 594b5c5e5129f15438e410207e43287f027b3c00
  ZebraKing: 3622693aa927c2e6e871b1146e199aaebf22e9fe

PODFILE CHECKSUM: a18494ce88ede14d41f8bef3b26b3229d4d2021a

COCOAPODS: 1.6.0.beta.1
